
Microsoft Visual Studio Solution File, Format Version 12.00
# Visual Studio 15
VisualStudioVersion = 15.0.28307.271
MinimumVisualStudioVersion = 10.0.40219.1
Project("{F14B399A-7131-4C87-9E4B-1186C45EF12D}") = "CTS3452_Project_I", "CTS3452_Project_I\CTS3452_Project_I.rptproj", "{06AF427A-E2A0-44ED-A73B-6CE815EFCF6C}"
EndProject
Global
	GlobalSection(SolutionConfigurationPlatforms) = preSolution
		Debug|Default = Debug|Default
		DebugLocal|Default = DebugLocal|Default
		Release|Default = Release|Default
	EndGlobalSection
	GlobalSection(ProjectConfigurationPlatforms) = postSolution
		{06AF427A-E2A0-44ED-A73B-6CE815EFCF6C}.Debug|Default.ActiveCfg = Debug
		{06AF427A-E2A0-44ED-A73B-6CE815EFCF6C}.Debug|Default.Build.0 = Debug
		{06AF427A-E2A0-44ED-A73B-6CE815EFCF6C}.Debug|Default.Deploy.0 = Debug
		{06AF427A-E2A0-44ED-A73B-6CE815EFCF6C}.DebugLocal|Default.ActiveCfg = DebugLocal
		{06AF427A-E2A0-44ED-A73B-6CE815EFCF6C}.DebugLocal|Default.Build.0 = DebugLocal
		{06AF427A-E2A0-44ED-A73B-6CE815EFCF6C}.Release|Default.ActiveCfg = Release
		{06AF427A-E2A0-44ED-A73B-6CE815EFCF6C}.Release|Default.Build.0 = Release
		{06AF427A-E2A0-44ED-A73B-6CE815EFCF6C}.Release|Default.Deploy.0 = Release
	EndGlobalSection
	GlobalSection(SolutionProperties) = preSolution
		HideSolutionNode = FALSE
	EndGlobalSection
	GlobalSection(ExtensibilityGlobals) = postSolution
		SolutionGuid = {19933B14-F310-4FFA-83DD-CE3EAAFDC5F8}
	EndGlobalSection
EndGlobal
